
Microsoft Visual Studio Solution File, Format Version 12.00
# Visual Studio Version 16
VisualStudioVersion = 16.0.29009.5
MinimumVisualStudioVersion = 10.0.40219.1
Project("{FAE04EC0-301F-11D3-BF4B-00C04F79EFBC}") = "ContosoUniversity", "ContosoUniversity\ContosoUniversity.csproj", "{039B9C2D-E187-4CE5-ADFD-829E56B5B88F}"
EndProject
Global
	GlobalSection(SolutionConfigurationPlatforms) = preSolution
		Debug|Any CPU = Debug|Any CPU
		Release|Any CPU = Release|Any CPU
	EndGlobalSection
	GlobalSection(ProjectConfigurationPlatforms) = postSolution
		{039B9C2D-E187-4CE5-ADFD-829E56B5B88F}.Debug|Any CPU.ActiveCfg = Debug|Any CPU
		{039B9C2D-E187-4CE5-ADFD-829E56B5B88F}.Debug|Any CPU.Build.0 = Debug|Any CPU
		{039B9C2D-E187-4CE5-ADFD-829E56B5B88F}.Release|Any CPU.ActiveCfg = Release|Any CPU
		{039B9C2D-E187-4CE5-ADFD-829E56B5B88F}.Release|Any CPU.Build.0 = Release|Any CPU
	EndGlobalSection
	GlobalSection(SolutionProperties) = preSolution
		HideSolutionNode = FALSE
	EndGlobalSection
	GlobalSection(ExtensibilityGlobals) = postSolution
		SolutionGuid = {C6A20D41-177D-4551-8B0D-4958B2429499}
	EndGlobalSection
EndGlobal
